
Microsoft Visual Studio Solution File, Format Version 12.00
# Visual Studio 15
VisualStudioVersion = 15.0.27428.2011
MinimumVisualStudioVersion = 10.0.40219.1
Project("{FAE04EC0-301F-11D3-BF4B-00C04F79EFBC}") = "Shirard", "Shirard\Shirard.csproj", "{A5185B82-1840-417D-AD30-EC7A0E5D6AFA}"
EndProject
Global
	GlobalSection(SolutionConfigurationPlatforms) = preSolution
		Debug|Any CPU = Debug|Any CPU
		Release|Any CPU = Release|Any CPU
	EndGlobalSection
	GlobalSection(ProjectConfigurationPlatforms) = postSolution
		{A5185B82-1840-417D-AD30-EC7A0E5D6AFA}.Debug|Any CPU.ActiveCfg = Debug|Any CPU
		{A5185B82-1840-417D-AD30-EC7A0E5D6AFA}.Debug|Any CPU.Build.0 = Debug|Any CPU
		{A5185B82-1840-417D-AD30-EC7A0E5D6AFA}.Release|Any CPU.ActiveCfg = Release|Any CPU
		{A5185B82-1840-417D-AD30-EC7A0E5D6AFA}.Release|Any CPU.Build.0 = Release|Any CPU
	EndGlobalSection
	GlobalSection(SolutionProperties) = preSolution
		HideSolutionNode = FALSE
	EndGlobalSection
	GlobalSection(ExtensibilityGlobals) = postSolution
		SolutionGuid = {9CA54C48-6846-4C5E-8C24-BFB712DDB9A7}
	EndGlobalSection
EndGlobal
